// !$*UTF8*$!
{
	archiveVersion = 1;
	classes = {
	};
	objectVersion = 56;
	objects = {

/* Begin PBXBuildFile section */
		B37BE71429D7A0A8002F8413 /* MARVEL API-Info.plist in Resources */ = {isa = PBXBuildFile; fileRef = B37BE71329D7A0A8002F8413 /* MARVEL API-Info.plist */; };
		B3A574F329A7D68C00B7509E /* AppDelegate.swift in Sources */ = {isa = PBXBuildFile; fileRef = B3A574F229A7D68C00B7509E /* AppDelegate.swift */; };
		B3A574F529A7D68C00B7509E /* SceneDelegate.swift in Sources */ = {isa = PBXBuildFile; fileRef = B3A574F429A7D68C00B7509E /* SceneDelegate.swift */; };
		B3A574F729A7D68C00B7509E /* ViewController.swift in Sources */ = {isa = PBXBuildFile; fileRef = B3A574F629A7D68C00B7509E /* ViewController.swift */; };
		B3A574FA29A7D68C00B7509E /* Main.storyboard in Resources */ = {isa = PBXBuildFile; fileRef = B3A574F829A7D68C00B7509E /* Main.storyboard */; };
		B3A574FC29A7D68D00B7509E /* Assets.xcassets in Resources */ = {isa = PBXBuildFile; fileRef = B3A574FB29A7D68D00B7509E /* Assets.xcassets */; };
		B3A574FF29A7D68D00B7509E /* LaunchScreen.storyboard in Resources */ = {isa = PBXBuildFile; fileRef = B3A574FD29A7D68D00B7509E /* LaunchScreen.storyboard */; };
		B3A5750829A80FCE00B7509E /* MarvelManager.swift in Sources */ = {isa = PBXBuildFile; fileRef = B3A5750729A80FCE00B7509E /* MarvelManager.swift */; };
		B3F019B429A81F7400AAFF2F /* CryptoSwift in Frameworks */ = {isa = PBXBuildFile; productRef = B3F019B329A81F7400AAFF2F /* CryptoSwift */; };
		B3F019B629A83E4700AAFF2F /* APIResults.swift in Sources */ = {isa = PBXBuildFile; fileRef = B3F019B529A83E4700AAFF2F /* APIResults.swift */; };
		B3F019BA29A854AC00AAFF2F /* ResultsModel.swift in Sources */ = {isa = PBXBuildFile; fileRef = B3F019B929A854AC00AAFF2F /* ResultsModel.swift */; };
/* End PBXBuildFile section */

/* Begin PBXFileReference section */
		B37BE71329D7A0A8002F8413 /* MARVEL API-Info.plist */ = {isa = PBXFileReference; lastKnownFileType = text.plist.xml; path = "MARVEL API-Info.plist"; sourceTree = "<group>"; };
		B3A574EF29A7D68C00B7509E /* MarvelAPI.app */ = {isa = PBXFileReference; explicitFileType = wrapper.application; includeInIndex = 0; path = MarvelAPI.app; sourceTree = BUILT_PRODUCTS_DIR; };
		B3A574F229A7D68C00B7509E /* AppDelegate.swift */ = {isa = PBXFileReference; lastKnownFileType = sourcecode.swift; path = AppDelegate.swift; sourceTree = "<group>"; };
		B3A574F429A7D68C00B7509E /* SceneDelegate.swift */ = {isa = PBXFileReference; lastKnownFileType = sourcecode.swift; path = SceneDelegate.swift; sourceTree = "<group>"; };
		B3A574F629A7D68C00B7509E /* ViewController.swift */ = {isa = PBXFileReference; lastKnownFileType = sourcecode.swift; path = ViewController.swift; sourceTree = "<group>"; };
		B3A574F929A7D68C00B7509E /* Base */ = {isa = PBXFileReference; lastKnownFileType = file.storyboard; name = Base; path = Base.lproj/Main.storyboard; sourceTree = "<group>"; };
		B3A574FB29A7D68D00B7509E /* Assets.xcassets */ = {isa = PBXFileReference; lastKnownFileType = folder.assetcatalog; path = Assets.xcassets; sourceTree = "<group>"; };
		B3A574FE29A7D68D00B7509E /* Base */ = {isa = PBXFileReference; lastKnownFileType = file.storyboard; name = Base; path = Base.lproj/LaunchScreen.storyboard; sourceTree = "<group>"; };
		B3A5750029A7D68D00B7509E /* Info.plist */ = {isa = PBXFileReference; lastKnownFileType = text.plist.xml; path = Info.plist; sourceTree = "<group>"; };
		B3A5750729A80FCE00B7509E /* MarvelManager.swift */ = {isa = PBXFileReference; lastKnownFileType = sourcecode.swift; path = MarvelManager.swift; sourceTree = "<group>"; };
		B3F019B529A83E4700AAFF2F /* APIResults.swift */ = {isa = PBXFileReference; lastKnownFileType = sourcecode.swift; path = APIResults.swift; sourceTree = "<group>"; };
		B3F019B929A854AC00AAFF2F /* ResultsModel.swift */ = {isa = PBXFileReference; lastKnownFileType = sourcecode.swift; path = ResultsModel.swift; sourceTree = "<group>"; };
/* End PBXFileReference section */

/* Begin PBXFrameworksBuildPhase section */
		B3A574EC29A7D68C00B7509E /* Frameworks */ = {
			isa = PBXFrameworksBuildPhase;
			buildActionMask = 2147483647;
			files = (
				B3F019B429A81F7400AAFF2F /* CryptoSwift in Frameworks */,
			);
			runOnlyForDeploymentPostprocessing = 0;
		};
/* End PBXFrameworksBuildPhase section */

/* Begin PBXGroup section */
		B38BDF9929AAE9AC009733E1 /* Views */ = {
			isa = PBXGroup;
			children = (
				B3A574F829A7D68C00B7509E /* Main.storyboard */,
			);
			path = Views;
			sourceTree = "<group>";
		};
		B38BDF9A29AAE9C2009733E1 /* Controller */ = {
			isa = PBXGroup;
			children = (
				B3A574F629A7D68C00B7509E /* ViewController.swift */,
			);
			path = Controller;
			sourceTree = "<group>";
		};
		B3A574E629A7D68C00B7509E = {
			isa = PBXGroup;
			children = (
				B3A574F129A7D68C00B7509E /* MarvelAPI */,
				B3A574F029A7D68C00B7509E /* Products */,
			);
			sourceTree = "<group>";
		};
		B3A574F029A7D68C00B7509E /* Products */ = {
			isa = PBXGroup;
			children = (
				B3A574EF29A7D68C00B7509E /* MarvelAPI.app */,
			);
			name = Products;
			sourceTree = "<group>";
		};
		B3A574F129A7D68C00B7509E /* MarvelAPI */ = {
			isa = PBXGroup;
			children = (
				B3A5750629A80FBE00B7509E /* Model */,
				B38BDF9929AAE9AC009733E1 /* Views */,
				B38BDF9A29AAE9C2009733E1 /* Controller */,
				B3A574F229A7D68C00B7509E /* AppDelegate.swift */,
				B3A574F429A7D68C00B7509E /* SceneDelegate.swift */,
				B3A574FB29A7D68D00B7509E /* Assets.xcassets */,
				B3A574FD29A7D68D00B7509E /* LaunchScreen.storyboard */,
				B3A5750029A7D68D00B7509E /* Info.plist */,
				B37BE71329D7A0A8002F8413 /* MARVEL API-Info.plist */,
			);
			path = MarvelAPI;
			sourceTree = "<group>";
		};
		B3A5750629A80FBE00B7509E /* Model */ = {
			isa = PBXGroup;
			children = (
				B3A5750729A80FCE00B7509E /* MarvelManager.swift */,
				B3F019B529A83E4700AAFF2F /* APIResults.swift */,
				B3F019B929A854AC00AAFF2F /* ResultsModel.swift */,
			);
			path = Model;
			sourceTree = "<group>";
		};
/* End PBXGroup section */

/* Begin PBXNativeTarget section */
		B3A574EE29A7D68C00B7509E /* MarvelAPI */ = {
			isa = PBXNativeTarget;
			buildConfigurationList = B3A5750329A7D68D00B7509E /* Build configuration list for PBXNativeTarget "MarvelAPI" */;
			buildPhases = (
				B3A574EB29A7D68C00B7509E /* Sources */,
				B3A574EC29A7D68C00B7509E /* Frameworks */,
				B3A574ED29A7D68C00B7509E /* Resources */,
			);
			buildRules = (
			);
			dependencies = (
			);
			name = MarvelAPI;
			packageProductDependencies = (
				B3F019B329A81F7400AAFF2F /* CryptoSwift */,
			);
			productName = MarvelAPI;
			productReference = B3A574EF29A7D68C00B7509E /* MarvelAPI.app */;
			productType = "com.apple.product-type.application";
		};
/* End PBXNativeTarget section */

/* Begin PBXProject section */
		B3A574E729A7D68C00B7509E /* Project object */ = {
			isa = PBXProject;
			attributes = {
				BuildIndependentTargetsInParallel = 1;
				LastSwiftUpdateCheck = 1420;
				LastUpgradeCheck = 1420;
				TargetAttributes = {
					B3A574EE29A7D68C00B7509E = {
						CreatedOnToolsVersion = 14.2;
					};
				};
			};
			buildConfigurationList = B3A574EA29A7D68C00B7509E /* Build configuration list for PBXProject "MarvelAPI" */;
			compatibilityVersion = "Xcode 14.0";
			developmentRegion = en;
			hasScannedForEncodings = 0;
			knownRegions = (
				en,
				Base,
			);
			mainGroup = B3A574E629A7D68C00B7509E;
			packageReferences = (
				B3F019B229A81F7400AAFF2F /* XCRemoteSwiftPackageReference "CryptoSwift" */,
			);
			productRefGroup = B3A574F029A7D68C00B7509E /* Products */;
			projectDirPath = "";
			projectRoot = "";
			targets = (
				B3A574EE29A7D68C00B7509E /* MarvelAPI */,
			);
		};
/* End PBXProject section */

/* Begin PBXResourcesBuildPhase section */
		B3A574ED29A7D68C00B7509E /* Resources */ = {
			isa = PBXResourcesBuildPhase;
			buildActionMask = 2147483647;
			files = (
				B3A574FF29A7D68D00B7509E /* LaunchScreen.storyboard in Resources */,
				B37BE71429D7A0A8002F8413 /* MARVEL API-Info.plist in Resources */,
				B3A574FC29A7D68D00B7509E /* Assets.xcassets in Resources */,
				B3A574FA29A7D68C00B7509E /* Main.storyboard in Resources */,
			);
			runOnlyForDeploymentPostprocessing = 0;
		};
/* End PBXResourcesBuildPhase section */

/* Begin PBXSourcesBuildPhase section */
		B3A574EB29A7D68C00B7509E /* Sources */ = {
			isa = PBXSourcesBuildPhase;
			buildActionMask = 2147483647;
			files = (
				B3F019BA29A854AC00AAFF2F /* ResultsModel.swift in Sources */,
				B3A5750829A80FCE00B7509E /* MarvelManager.swift in Sources */,
				B3A574F729A7D68C00B7509E /* ViewController.swift in Sources */,
				B3A574F329A7D68C00B7509E /* AppDelegate.swift in Sources */,
				B3A574F529A7D68C00B7509E /* SceneDelegate.swift in Sources */,
				B3F019B629A83E4700AAFF2F /* APIResults.swift in Sources */,
			);
			runOnlyForDeploymentPostprocessing = 0;
		};
/* End PBXSourcesBuildPhase section */

/* Begin PBXVariantGroup section */
		B3A574F829A7D68C00B7509E /* Main.storyboard */ = {
			isa = PBXVariantGroup;
			children = (
				B3A574F929A7D68C00B7509E /* Base */,
			);
			name = Main.storyboard;
			sourceTree = "<group>";
		};
		B3A574FD29A7D68D00B7509E /* LaunchScreen.storyboard */ = {
			isa = PBXVariantGroup;
			children = (
				B3A574FE29A7D68D00B7509E /* Base */,
			);
			name = LaunchScreen.storyboard;
			sourceTree = "<group>";
		};
/* End PBXVariantGroup section */

/* Begin XCBuildConfiguration section */
		B3A5750129A7D68D00B7509E /* Debug */ = {
			isa = XCBuildConfiguration;
			buildSettings = {
				ALWAYS_SEARCH_USER_PATHS = NO;
				CLANG_ANALYZER_NONNULL = YES;
				CLANG_ANALYZER_NUMBER_OBJECT_CONVERSION = YES_AGGRESSIVE;
				CLANG_CXX_LANGUAGE_STANDARD = "gnu++20";
				CLANG_ENABLE_MODULES = YES;
				CLANG_ENABLE_OBJC_ARC = YES;
				CLANG_ENABLE_OBJC_WEAK = YES;
				CLANG_WARN_BLOCK_CAPTURE_AUTORELEASING = YES;
				CLANG_WARN_BOOL_CONVERSION = YES;
				CLANG_WARN_COMMA = YES;
				CLANG_WARN_CONSTANT_CONVERSION = YES;
				CLANG_WARN_DEPRECATED_OBJC_IMPLEMENTATIONS = YES;
				CLANG_WARN_DIRECT_OBJC_ISA_USAGE = YES_ERROR;
				CLANG_WARN_DOCUMENTATION_COMMENTS = YES;
				CLANG_WARN_EMPTY_BODY = YES;
				CLANG_WARN_ENUM_CONVERSION = YES;
				CLANG_WARN_INFINITE_RECURSION = YES;
				CLANG_WARN_INT_CONVERSION = YES;
				CLANG_WARN_NON_LITERAL_NULL_CONVERSION = YES;
				CLANG_WARN_OBJC_IMPLICIT_RETAIN_SELF = YES;
				CLANG_WARN_OBJC_LITERAL_CONVERSION = YES;
				CLANG_WARN_OBJC_ROOT_CLASS = YES_ERROR;
				CLANG_WARN_QUOTED_INCLUDE_IN_FRAMEWORK_HEADER = YES;
				CLANG_WARN_RANGE_LOOP_ANALYSIS = YES;
				CLANG_WARN_STRICT_PROTOTYPES = YES;
				CLANG_WARN_SUSPICIOUS_MOVE = YES;
				CLANG_WARN_UNGUARDED_AVAILABILITY = YES_AGGRESSIVE;
				CLANG_WARN_UNREACHABLE_CODE = YES;
				CLANG_WARN__DUPLICATE_METHOD_MATCH = YES;
				COPY_PHASE_STRIP = NO;
				DEBUG_INFORMATION_FORMAT = dwarf;
				ENABLE_STRICT_OBJC_MSGSEND = YES;
				ENABLE_TESTABILITY = YES;
				GCC_C_LANGUAGE_STANDARD = gnu11;
				GCC_DYNAMIC_NO_PIC = NO;
				GCC_NO_COMMON_BLOCKS = YES;
				GCC_OPTIMIZATION_LEVEL = 0;
				GCC_PREPROCESSOR_DEFINITIONS = (
					"DEBUG=1",
					"$(inherited)",
				);
				GCC_WARN_64_TO_32_BIT_CONVERSION = YES;
				GCC_WARN_ABOUT_RETURN_TYPE = YES_ERROR;
				GCC_WARN_UNDECLARED_SELECTOR = YES;
				GCC_WARN_UNINITIALIZED_AUTOS = YES_AGGRESSIVE;
				GCC_WARN_UNUSED_FUNCTION = YES;
				GCC_WARN_UNUSED_VARIABLE = YES;
				IPHONEOS_DEPLOYMENT_TARGET = 16.2;
				MTL_ENABLE_DEBUG_INFO = INCLUDE_SOURCE;
				MTL_FAST_MATH = YES;
				ONLY_ACTIVE_ARCH = YES;
				SDKROOT = iphoneos;
				SWIFT_ACTIVE_COMPILATION_CONDITIONS = DEBUG;
				SWIFT_OPTIMIZATION_LEVEL = "-Onone";
			};
			name = Debug;
		};
		B3A5750229A7D68D00B7509E /* Release */ = {
			isa = XCBuildConfiguration;
			buildSettings = {
				ALWAYS_SEARCH_USER_PATHS = NO;
				CLANG_ANALYZER_NONNULL = YES;
				CLANG_ANALYZER_NUMBER_OBJECT_CONVERSION = YES_AGGRESSIVE;
				CLANG_CXX_LANGUAGE_STANDARD = "gnu++20";
				CLANG_ENABLE_MODULES = YES;
				CLANG_ENABLE_OBJC_ARC = YES;
				CLANG_ENABLE_OBJC_WEAK = YES;
				CLANG_WARN_BLOCK_CAPTURE_AUTORELEASING = YES;
				CLANG_WARN_BOOL_CONVERSION = YES;
				CLANG_WARN_COMMA = YES;
				CLANG_WARN_CONSTANT_CONVERSION = YES;
				CLANG_WARN_DEPRECATED_OBJC_IMPLEMENTATIONS = YES;
				CLANG_WARN_DIRECT_OBJC_ISA_USAGE = YES_ERROR;
				CLANG_WARN_DOCUMENTATION_COMMENTS = YES;
				CLANG_WARN_EMPTY_BODY = YES;
				CLANG_WARN_ENUM_CONVERSION = YES;
				CLANG_WARN_INFINITE_RECURSION = YES;
				CLANG_WARN_INT_CONVERSION = YES;
				CLANG_WARN_NON_LITERAL_NULL_CONVERSION = YES;
				CLANG_WARN_OBJC_IMPLICIT_RETAIN_SELF = YES;
				CLANG_WARN_OBJC_LITERAL_CONVERSION = YES;
				CLANG_WARN_OBJC_ROOT_CLASS = YES_ERROR;
				CLANG_WARN_QUOTED_INCLUDE_IN_FRAMEWORK_HEADER = YES;
				CLANG_WARN_RANGE_LOOP_ANALYSIS = YES;
				CLANG_WARN_STRICT_PROTOTYPES = YES;
				CLANG_WARN_SUSPICIOUS_MOVE = YES;
				CLANG_WARN_UNGUARDED_AVAILABILITY = YES_AGGRESSIVE;
				CLANG_WARN_UNREACHABLE_CODE = YES;
				CLANG_WARN__DUPLICATE_METHOD_MATCH = YES;
				COPY_PHASE_STRIP = NO;
				DEBUG_INFORMATION_FORMAT = "dwarf-with-dsym";
				ENABLE_NS_ASSERTIONS = NO;
				ENABLE_STRICT_OBJC_MSGSEND = YES;
				GCC_C_LANGUAGE_STANDARD = gnu11;
				GCC_NO_COMMON_BLOCKS = YES;
				GCC_WARN_64_TO_32_BIT_CONVERSION = YES;
				GCC_WARN_ABOUT_RETURN_TYPE = YES_ERROR;
				GCC_WARN_UNDECLARED_SELECTOR = YES;
				GCC_WARN_UNINITIALIZED_AUTOS = YES_AGGRESSIVE;
				GCC_WARN_UNUSED_FUNCTION = YES;
				GCC_WARN_UNUSED_VARIABLE = YES;
				IPHONEOS_DEPLOYMENT_TARGET = 16.2;
				MTL_ENABLE_DEBUG_INFO = NO;
				MTL_FAST_MATH = YES;
				SDKROOT = iphoneos;
				SWIFT_COMPILATION_MODE = wholemodule;
				SWIFT_OPTIMIZATION_LEVEL = "-O";
				VALIDATE_PRODUCT = YES;
			};
			name = Release;
		};
		B3A5750429A7D68D00B7509E /* Debug */ = {
			isa = XCBuildConfiguration;
			buildSettings = {
				ASSETCATALOG_COMPILER_APPICON_NAME = AppIcon;
				ASSETCATALOG_COMPILER_GLOBAL_ACCENT_COLOR_NAME = AccentColor;
				CODE_SIGN_STYLE = Automatic;
				CURRENT_PROJECT_VERSION = 1;
				DEVELOPMENT_TEAM = C5FVW88AJP;
				GENERATE_INFOPLIST_FILE = YES;
				INFOPLIST_FILE = MarvelAPI/Info.plist;
				INFOPLIST_KEY_UIApplicationSupportsIndirectInputEvents = YES;
				INFOPLIST_KEY_UILaunchStoryboardName = LaunchScreen;
				INFOPLIST_KEY_UIMainStoryboardFile = Main;
				INFOPLIST_KEY_UISupportedInterfaceOrientations_iPad = "UIInterfaceOrientationPortrait UIInterfaceOrientationPortraitUpsideDown UIInterfaceOrientationLandscapeLeft UIInterfaceOrientationLandscapeRight";
				INFOPLIST_KEY_UISupportedInterfaceOrientations_iPhone = "UIInterfaceOrientationPortrait UIInterfaceOrientationLandscapeLeft UIInterfaceOrientationLandscapeRight";
				LD_RUNPATH_SEARCH_PATHS = (
					"$(inherited)",
					"@executable_path/Frameworks",
				);
				MARKETING_VERSION = 1.0;
				PRODUCT_BUNDLE_IDENTIFIER = com.weatherscomputers.MarvelAPI;
				PRODUCT_NAME = "$(TARGET_NAME)";
				SWIFT_EMIT_LOC_STRINGS = YES;
				SWIFT_VERSION = 5.0;
				TARGETED_DEVICE_FAMILY = "1,2";
			};
			name = Debug;
		};
		B3A5750529A7D68D00B7509E /* Release */ = {
			isa = XCBuildConfiguration;
			buildSettings = {
				ASSETCATALOG_COMPILER_APPICON_NAME = AppIcon;
				ASSETCATALOG_COMPILER_GLOBAL_ACCENT_COLOR_NAME = AccentColor;
				CODE_SIGN_STYLE = Automatic;
				CURRENT_PROJECT_VERSION = 1;
				DEVELOPMENT_TEAM = C5FVW88AJP;
				GENERATE_INFOPLIST_FILE = YES;
				INFOPLIST_FILE = MarvelAPI/Info.plist;
				INFOPLIST_KEY_UIApplicationSupportsIndirectInputEvents = YES;
				INFOPLIST_KEY_UILaunchStoryboardName = LaunchScreen;
				INFOPLIST_KEY_UIMainStoryboardFile = Main;
				INFOPLIST_KEY_UISupportedInterfaceOrientations_iPad = "UIInterfaceOrientationPortrait UIInterfaceOrientationPortraitUpsideDown UIInterfaceOrientationLandscapeLeft UIInterfaceOrientationLandscapeRight";
				INFOPLIST_KEY_UISupportedInterfaceOrientations_iPhone = "UIInterfaceOrientationPortrait UIInterfaceOrientationLandscapeLeft UIInterfaceOrientationLandscapeRight";
				LD_RUNPATH_SEARCH_PATHS = (
					"$(inherited)",
					"@executable_path/Frameworks",
				);
				MARKETING_VERSION = 1.0;
				PRODUCT_BUNDLE_IDENTIFIER = com.weatherscomputers.MarvelAPI;
				PRODUCT_NAME = "$(TARGET_NAME)";
				SWIFT_EMIT_LOC_STRINGS = YES;
				SWIFT_VERSION = 5.0;
				TARGETED_DEVICE_FAMILY = "1,2";
			};
			name = Release;
		};
/* End XCBuildConfiguration section */

/* Begin XCConfigurationList section */
		B3A574EA29A7D68C00B7509E /* Build configuration list for PBXProject "MarvelAPI" */ = {
			isa = XCConfigurationList;
			buildConfigurations = (
				B3A5750129A7D68D00B7509E /* Debug */,
				B3A5750229A7D68D00B7509E /* Release */,
			);
			defaultConfigurationIsVisible = 0;
			defaultConfigurationName = Release;
		};
		B3A5750329A7D68D00B7509E /* Build configuration list for PBXNativeTarget "MarvelAPI" */ = {
			isa = XCConfigurationList;
			buildConfigurations = (
				B3A5750429A7D68D00B7509E /* Debug */,
				B3A5750529A7D68D00B7509E /* Release */,
			);
			defaultConfigurationIsVisible = 0;
			defaultConfigurationName = Release;
		};
/* End XCConfigurationList section */

/* Begin XCRemoteSwiftPackageReference section */
		B3F019B229A81F7400AAFF2F /* XCRemoteSwiftPackageReference "CryptoSwift" */ = {
			isa = XCRemoteSwiftPackageReference;
			repositoryURL = "https://github.com/krzyzanowskim/CryptoSwift.git";
			requirement = {
				kind = upToNextMajorVersion;
				minimumVersion = 1.0.0;
			};
		};
/* End XCRemoteSwiftPackageReference section */

/* Begin XCSwiftPackageProductDependency section */
		B3F019B329A81F7400AAFF2F /* CryptoSwift */ = {
			isa = XCSwiftPackageProductDependency;
			package = B3F019B229A81F7400AAFF2F /* XCRemoteSwiftPackageReference "CryptoSwift" */;
			productName = CryptoSwift;
		};
/* End XCSwiftPackageProductDependency section */
	};
	rootObject = B3A574E729A7D68C00B7509E /* Project object */;
}
